{
  "name": "anigamerinfo+",
  "lockfileVersion": 2,
  "requires": true,
  "packages": {
    "": {
      "devDependencies": {
        "@types/jquery": "^3.5.30",
        "@types/lodash": "^4.17.6",
        "@types/tampermonkey": "^5.0.3"
      }
    },
    "node_modules/@types/jquery": {
      "version": "3.5.30",
      "resolved": "https://registry.npmjs.org/@types/jquery/-/jquery-3.5.30.tgz",
      "integrity": "sha512-nbWKkkyb919DOUxjmRVk8vwtDb0/k8FKncmUKFi+NY+QXqWltooxTrswvz4LspQwxvLdvzBN1TImr6cw3aQx2A==",
      "dev": true,
      "dependencies": {
        "@types/sizzle": "*"
      }
    },
    "node_modules/@types/lodash": {
      "version": "4.17.6",
      "resolved": "https://registry.npmjs.org/@types/lodash/-/lodash-4.17.6.tgz",
      "integrity": "sha512-OpXEVoCKSS3lQqjx9GGGOapBeuW5eUboYHRlHP9urXPX25IKZ6AnP5ZRxtVf63iieUbsHxLn8NQ5Nlftc6yzAA==",
      "dev": true
    },
    "node_modules/@types/sizzle": {
      "version": "2.3.8",
      "resolved": "https://registry.npmjs.org/@types/sizzle/-/sizzle-2.3.8.tgz",
      "integrity": "sha512-0vWLNK2D5MT9dg0iOo8GlKguPAU02QjmZitPEsXRuJXU/OGIOt9vT9Fc26wtYuavLxtO45v9PGleoL9Z0k1LHg==",
      "dev": true
    },
    "node_modules/@types/tampermonkey": {
      "version": "5.0.3",
      "resolved": "https://registry.npmjs.org/@types/tampermonkey/-/tampermonkey-5.0.3.tgz",
      "integrity": "sha512-i8+x8ipoib8xAfho25oNTbILgrO665oxq5tNr3LvH5DaW5UOPsc88Fe1mTVTDwsux5LYOcd8Syb6q+s95x878Q==",
      "dev": true
    }
  },
  "dependencies": {
    "@types/jquery": {
      "version": "3.5.30",
      "resolved": "https://registry.npmjs.org/@types/jquery/-/jquery-3.5.30.tgz",
      "integrity": "sha512-nbWKkkyb919DOUxjmRVk8vwtDb0/k8FKncmUKFi+NY+QXqWltooxTrswvz4LspQwxvLdvzBN1TImr6cw3aQx2A==",
      "dev": true,
      "requires": {
        "@types/sizzle": "*"
      }
    },
    "@types/lodash": {
      "version": "4.17.6",
      "resolved": "https://registry.npmjs.org/@types/lodash/-/lodash-4.17.6.tgz",
      "integrity": "sha512-OpXEVoCKSS3lQqjx9GGGOapBeuW5eUboYHRlHP9urXPX25IKZ6AnP5ZRxtVf63iieUbsHxLn8NQ5Nlftc6yzAA==",
      "dev": true
    },
    "@types/sizzle": {
      "version": "2.3.8",
      "resolved": "https://registry.npmjs.org/@types/sizzle/-/sizzle-2.3.8.tgz",
      "integrity": "sha512-0vWLNK2D5MT9dg0iOo8GlKguPAU02QjmZitPEsXRuJXU/OGIOt9vT9Fc26wtYuavLxtO45v9PGleoL9Z0k1LHg==",
      "dev": true
    },
    "@types/tampermonkey": {
      "version": "5.0.3",
      "resolved": "https://registry.npmjs.org/@types/tampermonkey/-/tampermonkey-5.0.3.tgz",
      "integrity": "sha512-i8+x8ipoib8xAfho25oNTbILgrO665oxq5tNr3LvH5DaW5UOPsc88Fe1mTVTDwsux5LYOcd8Syb6q+s95x878Q==",
      "dev": true
    }
  }
}